
Microsoft Visual Studio Solution File, Format Version 12.00
# Visual Studio Version 17
VisualStudioVersion = 17.10.35122.118
MinimumVisualStudioVersion = 10.0.40219.1
Project("{FAE04EC0-301F-11D3-BF4B-00C04F79EFBC}") = "DevBlog-BackEnd", "DevBlog-BackEnd\DevBlog-BackEnd.csproj", "{84B740B4-BF51-40F8-9DF7-1BD544FC77F3}"
EndProject
Global
	GlobalSection(SolutionConfigurationPlatforms) = preSolution
		Debug|Any CPU = Debug|Any CPU
		Release|Any CPU = Release|Any CPU
	EndGlobalSection
	GlobalSection(ProjectConfigurationPlatforms) = postSolution
		{84B740B4-BF51-40F8-9DF7-1BD544FC77F3}.Debug|Any CPU.ActiveCfg = Debug|Any CPU
		{84B740B4-BF51-40F8-9DF7-1BD544FC77F3}.Debug|Any CPU.Build.0 = Debug|Any CPU
		{84B740B4-BF51-40F8-9DF7-1BD544FC77F3}.Release|Any CPU.ActiveCfg = Release|Any CPU
		{84B740B4-BF51-40F8-9DF7-1BD544FC77F3}.Release|Any CPU.Build.0 = Release|Any CPU
	EndGlobalSection
	GlobalSection(SolutionProperties) = preSolution
		HideSolutionNode = FALSE
	EndGlobalSection
	GlobalSection(ExtensibilityGlobals) = postSolution
		SolutionGuid = {51BE1AF4-54BE-42B1-91A2-31A7E0774946}
	EndGlobalSection
EndGlobal
